// !$*UTF8*$!
{
	archiveVersion = 1;
	classes = {
	};
	objectVersion = 52;
	objects = {

/* Begin PBXBuildFile section */
		A4044087285657AF0099C097 /* Data+PrettyJSON.swift in Sources */ = {isa = PBXBuildFile; fileRef = A4044086285657AF0099C097 /* Data+PrettyJSON.swift */; };
		A404408F28565EC60099C097 /* Photo.swift in Sources */ = {isa = PBXBuildFile; fileRef = A404408E28565EC60099C097 /* Photo.swift */; };
		A40F4196281732F100282382 /* FriendsController+SearchBarDelegate.swift in Sources */ = {isa = PBXBuildFile; fileRef = A40F4195281732F100282382 /* FriendsController+SearchBarDelegate.swift */; };
		A416E168285BB4A700CEDB35 /* SwiftKeychainWrapper in Frameworks */ = {isa = PBXBuildFile; productRef = A416E167285BB4A700CEDB35 /* SwiftKeychainWrapper */; };
		A421B91B2873D5B800CB3A14 /* ImageLoaderService.swift in Sources */ = {isa = PBXBuildFile; fileRef = A421B91A2873D5B800CB3A14 /* ImageLoaderService.swift */; };
		A44B102527DE7766009C84A5 /* UniversalTableViewCell.swift in Sources */ = {isa = PBXBuildFile; fileRef = A44B102327DE7766009C84A5 /* UniversalTableViewCell.swift */; };
		A44B102627DE7766009C84A5 /* UniversalTableViewCell.xib in Resources */ = {isa = PBXBuildFile; fileRef = A44B102427DE7766009C84A5 /* UniversalTableViewCell.xib */; };
		A45549DC2846886000C796BE /* CustomNavigationController.swift in Sources */ = {isa = PBXBuildFile; fileRef = A45549DB2846886000C796BE /* CustomNavigationController.swift */; };
		A45549E328468E1A00C796BE /* CustomPushAnimator.swift in Sources */ = {isa = PBXBuildFile; fileRef = A45549E228468E1A00C796BE /* CustomPushAnimator.swift */; };
		A45587E92846A5590031154B /* CustomInteractiveTransition.swift in Sources */ = {isa = PBXBuildFile; fileRef = A45587E82846A5590031154B /* CustomInteractiveTransition.swift */; };
		A45588062848111C0031154B /* UIView+setAnchorPoint.swift in Sources */ = {isa = PBXBuildFile; fileRef = A45588052848111C0031154B /* UIView+setAnchorPoint.swift */; };
		A455880D284813460031154B /* CustomPopAnimator.swift in Sources */ = {isa = PBXBuildFile; fileRef = A455880C284813460031154B /* CustomPopAnimator.swift */; };
		A456E8D227DE82ED00640604 /* AllGroupsController+TableViewDelegate.swift in Sources */ = {isa = PBXBuildFile; fileRef = A456E8D127DE82ED00640604 /* AllGroupsController+TableViewDelegate.swift */; };
		A456E8D527DE83EE00640604 /* GroupsController+TableViewDataSource.swift in Sources */ = {isa = PBXBuildFile; fileRef = A456E8D427DE83EE00640604 /* GroupsController+TableViewDataSource.swift */; };
		A456E8D827DE844B00640604 /* GroupsController+TableViewDelegate.swift in Sources */ = {isa = PBXBuildFile; fileRef = A456E8D727DE844B00640604 /* GroupsController+TableViewDelegate.swift */; };
		A45950AA286B76CD002445D1 /* GoogleService-Info.plist in Resources */ = {isa = PBXBuildFile; fileRef = A45950A9286B76CD002445D1 /* GoogleService-Info.plist */; };
		A45950AE286B78E0002445D1 /* FirebaseAuth in Frameworks */ = {isa = PBXBuildFile; productRef = A45950AD286B78E0002445D1 /* FirebaseAuth */; };
		A45950B0286B78E0002445D1 /* FirebaseDatabaseSwift in Frameworks */ = {isa = PBXBuildFile; productRef = A45950AF286B78E0002445D1 /* FirebaseDatabaseSwift */; };
		A469C72127CE7873008BBFE4 /* AppDelegate.swift in Sources */ = {isa = PBXBuildFile; fileRef = A469C72027CE7873008BBFE4 /* AppDelegate.swift */; };
		A469C72327CE7873008BBFE4 /* SceneDelegate.swift in Sources */ = {isa = PBXBuildFile; fileRef = A469C72227CE7873008BBFE4 /* SceneDelegate.swift */; };
		A469C72827CE7873008BBFE4 /* Main.storyboard in Resources */ = {isa = PBXBuildFile; fileRef = A469C72627CE7873008BBFE4 /* Main.storyboard */; };
		A469C72A27CE787B008BBFE4 /* Assets.xcassets in Resources */ = {isa = PBXBuildFile; fileRef = A469C72927CE787B008BBFE4 /* Assets.xcassets */; };
		A469C72D27CE787B008BBFE4 /* LaunchScreen.storyboard in Resources */ = {isa = PBXBuildFile; fileRef = A469C72B27CE787B008BBFE4 /* LaunchScreen.storyboard */; };
		A4733E17284D2D1C007253B5 /* Session.swift in Sources */ = {isa = PBXBuildFile; fileRef = A4733E16284D2D1C007253B5 /* Session.swift */; };
		A4753EC32873DD7A0014B863 /* ImageLoaderHelper.swift in Sources */ = {isa = PBXBuildFile; fileRef = A4753EC22873DD7A0014B863 /* ImageLoaderHelper.swift */; };
		A4753EC72873DE640014B863 /* ImageCacheService.swift in Sources */ = {isa = PBXBuildFile; fileRef = A4753EC62873DE640014B863 /* ImageCacheService.swift */; };
		A47B1267285663B300DAE1FD /* SwiftyJSON in Frameworks */ = {isa = PBXBuildFile; productRef = A47B1266285663B300DAE1FD /* SwiftyJSON */; };
		A47B126B2856699600DAE1FD /* Kingfisher in Frameworks */ = {isa = PBXBuildFile; productRef = A47B126A2856699600DAE1FD /* Kingfisher */; };
		A47CAE9628511382008F24FE /* Alamofire in Frameworks */ = {isa = PBXBuildFile; productRef = A47CAE9528511382008F24FE /* Alamofire */; };
		A47CAE9B28511494008F24FE /* WebViewController.swift in Sources */ = {isa = PBXBuildFile; fileRef = A47CAE9A28511494008F24FE /* WebViewController.swift */; };
		A47CAEA2285127F8008F24FE /* VkAPI.swift in Sources */ = {isa = PBXBuildFile; fileRef = A47CAEA1285127F8008F24FE /* VkAPI.swift */; };
		A4832F9F2860DB5500D95083 /* FriendsAPI.swift in Sources */ = {isa = PBXBuildFile; fileRef = A4832F9E2860DB5500D95083 /* FriendsAPI.swift */; };
		A4832FA42860DD2400D95083 /* GroupsAPI.swift in Sources */ = {isa = PBXBuildFile; fileRef = A4832FA32860DD2400D95083 /* GroupsAPI.swift */; };
		A4832FA72860DDF800D95083 /* PhotosAPI.swift in Sources */ = {isa = PBXBuildFile; fileRef = A4832FA62860DDF800D95083 /* PhotosAPI.swift */; };
		A4832FAA2860DE6100D95083 /* GroupsDB.swift in Sources */ = {isa = PBXBuildFile; fileRef = A4832FA92860DE6100D95083 /* GroupsDB.swift */; };
		A4832FAE2860DE6E00D95083 /* PhotosDB.swift in Sources */ = {isa = PBXBuildFile; fileRef = A4832FAD2860DE6E00D95083 /* PhotosDB.swift */; };
		A497405127E3C7A1003A48D0 /* Storage.swift in Sources */ = {isa = PBXBuildFile; fileRef = A497405027E3C7A1003A48D0 /* Storage.swift */; };
		A49FBC94285917E000EEC67E /* Realm in Frameworks */ = {isa = PBXBuildFile; productRef = A49FBC93285917E000EEC67E /* Realm */; };
		A49FBC96285917E000EEC67E /* RealmSwift in Frameworks */ = {isa = PBXBuildFile; productRef = A49FBC95285917E000EEC67E /* RealmSwift */; };
		A4A2D95727E67005007E041A /* User.swift in Sources */ = {isa = PBXBuildFile; fileRef = A4A2D95627E67005007E041A /* User.swift */; };
		A4A2D95B27E67011007E041A /* Group.swift in Sources */ = {isa = PBXBuildFile; fileRef = A4A2D95A27E67011007E041A /* Group.swift */; };
		A4A2D95F27E6783A007E041A /* GalleryController.swift in Sources */ = {isa = PBXBuildFile; fileRef = A4A2D95E27E6783A007E041A /* GalleryController.swift */; };
		A4A2D96527E678C0007E041A /* GalleryCell.swift in Sources */ = {isa = PBXBuildFile; fileRef = A4A2D96327E678C0007E041A /* GalleryCell.swift */; };
		A4A2D96627E678C0007E041A /* GalleryCell.xib in Resources */ = {isa = PBXBuildFile; fileRef = A4A2D96427E678C0007E041A /* GalleryCell.xib */; };
		A4A2D96927E67AEA007E041A /* GalleryController+CollectionDataSource.swift in Sources */ = {isa = PBXBuildFile; fileRef = A4A2D96827E67AEA007E041A /* GalleryController+CollectionDataSource.swift */; };
		A4A2D96C27E67EF3007E041A /* GalleryController+CollectionDelegateFlowLayout.swift in Sources */ = {isa = PBXBuildFile; fileRef = A4A2D96B27E67EF3007E041A /* GalleryController+CollectionDelegateFlowLayout.swift */; };
		A4A2D96F27E67FF7007E041A /* GalleryController+CollectionDelegate.swift in Sources */ = {isa = PBXBuildFile; fileRef = A4A2D96E27E67FF7007E041A /* GalleryController+CollectionDelegate.swift */; };
		A4A70EB028526F210019FC49 /* AllGroupsController+SearchBarDelegate.swift in Sources */ = {isa = PBXBuildFile; fileRef = A4A70EAF28526F210019FC49 /* AllGroupsController+SearchBarDelegate.swift */; };
		A4AB66BD27DE5C0D00FEA863 /* GroupsController.swift in Sources */ = {isa = PBXBuildFile; fileRef = A4AB66BC27DE5C0D00FEA863 /* GroupsController.swift */; };
		A4AB66C127DE5C1E00FEA863 /* FriendsController.swift in Sources */ = {isa = PBXBuildFile; fileRef = A4AB66C027DE5C1E00FEA863 /* FriendsController.swift */; };
		A4AB66CF27DE690C00FEA863 /* FriendsController+TableViewDataSource.swift in Sources */ = {isa = PBXBuildFile; fileRef = A4AB66CE27DE690C00FEA863 /* FriendsController+TableViewDataSource.swift */; };
		A4AB66D227DE6AB900FEA863 /* FriendsController+TableViewDelegate.swift in Sources */ = {isa = PBXBuildFile; fileRef = A4AB66D127DE6AB900FEA863 /* FriendsController+TableViewDelegate.swift */; };
		A4AB66D527DE6B5800FEA863 /* Constants.swift in Sources */ = {isa = PBXBuildFile; fileRef = A4AB66D427DE6B5800FEA863 /* Constants.swift */; };
		A4AE36C727D8EEE300EBCF16 /* LoginViewController.swift in Sources */ = {isa = PBXBuildFile; fileRef = A4AE36C627D8EEE300EBCF16 /* LoginViewController.swift */; };
		A4C64E70285F972E004EEFDC /* FriendsDB.swift in Sources */ = {isa = PBXBuildFile; fileRef = A4C64E6F285F972E004EEFDC /* FriendsDB.swift */; };
		A4CFD85F27DE8151005A8FFA /* AllGroupsController.swift in Sources */ = {isa = PBXBuildFile; fileRef = A4CFD85E27DE8151005A8FFA /* AllGroupsController.swift */; };
		A4CFD86227DE81EF005A8FFA /* AllGroupsController+TableViewDataSource.swift in Sources */ = {isa = PBXBuildFile; fileRef = A4CFD86127DE81EF005A8FFA /* AllGroupsController+TableViewDataSource.swift */; };
		A4D18F9D28145DBA0098C0AF /* LikeControlView.swift in Sources */ = {isa = PBXBuildFile; fileRef = A4D18F9C28145DBA0098C0AF /* LikeControlView.swift */; };
		A4D18FA028145DE30098C0AF /* LikeControlView.xib in Resources */ = {isa = PBXBuildFile; fileRef = A4D18F9F28145DE30098C0AF /* LikeControlView.xib */; };
		A4F0FA6F27E7914800468DF3 /* FotoViewController.swift in Sources */ = {isa = PBXBuildFile; fileRef = A4F0FA6E27E7914800468DF3 /* FotoViewController.swift */; };
		A4FFF08F2864E36D00990E9C /* RealmDB.swift in Sources */ = {isa = PBXBuildFile; fileRef = A4FFF08E2864E36D00990E9C /* RealmDB.swift */; };
/* End PBXBuildFile section */

/* Begin PBXFileReference section */
		A4044086285657AF0099C097 /* Data+PrettyJSON.swift */ = {isa = PBXFileReference; lastKnownFileType = sourcecode.swift; path = "Data+PrettyJSON.swift"; sourceTree = "<group>"; };
		A404408E28565EC60099C097 /* Photo.swift */ = {isa = PBXFileReference; lastKnownFileType = sourcecode.swift; path = Photo.swift; sourceTree = "<group>"; };
		A40F4195281732F100282382 /* FriendsController+SearchBarDelegate.swift */ = {isa = PBXFileReference; lastKnownFileType = sourcecode.swift; path = "FriendsController+SearchBarDelegate.swift"; sourceTree = "<group>"; };
		A421B91A2873D5B800CB3A14 /* ImageLoaderService.swift */ = {isa = PBXFileReference; lastKnownFileType = sourcecode.swift; path = ImageLoaderService.swift; sourceTree = "<group>"; };
		A44B102327DE7766009C84A5 /* UniversalTableViewCell.swift */ = {isa = PBXFileReference; lastKnownFileType = sourcecode.swift; path = UniversalTableViewCell.swift; sourceTree = "<group>"; };
		A44B102427DE7766009C84A5 /* UniversalTableViewCell.xib */ = {isa = PBXFileReference; lastKnownFileType = file.xib; path = UniversalTableViewCell.xib; sourceTree = "<group>"; };
		A45549DB2846886000C796BE /* CustomNavigationController.swift */ = {isa = PBXFileReference; lastKnownFileType = sourcecode.swift; path = CustomNavigationController.swift; sourceTree = "<group>"; };
		A45549E228468E1A00C796BE /* CustomPushAnimator.swift */ = {isa = PBXFileReference; lastKnownFileType = sourcecode.swift; path = CustomPushAnimator.swift; sourceTree = "<group>"; };
		A45587E82846A5590031154B /* CustomInteractiveTransition.swift */ = {isa = PBXFileReference; lastKnownFileType = sourcecode.swift; path = CustomInteractiveTransition.swift; sourceTree = "<group>"; };
		A45588052848111C0031154B /* UIView+setAnchorPoint.swift */ = {isa = PBXFileReference; lastKnownFileType = sourcecode.swift; path = "UIView+setAnchorPoint.swift"; sourceTree = "<group>"; };
		A455880C284813460031154B /* CustomPopAnimator.swift */ = {isa = PBXFileReference; lastKnownFileType = sourcecode.swift; path = CustomPopAnimator.swift; sourceTree = "<group>"; };
		A456E8D127DE82ED00640604 /* AllGroupsController+TableViewDelegate.swift */ = {isa = PBXFileReference; lastKnownFileType = sourcecode.swift; path = "AllGroupsController+TableViewDelegate.swift"; sourceTree = "<group>"; };
		A456E8D427DE83EE00640604 /* GroupsController+TableViewDataSource.swift */ = {isa = PBXFileReference; lastKnownFileType = sourcecode.swift; path = "GroupsController+TableViewDataSource.swift"; sourceTree = "<group>"; };
		A456E8D727DE844B00640604 /* GroupsController+TableViewDelegate.swift */ = {isa = PBXFileReference; lastKnownFileType = sourcecode.swift; path = "GroupsController+TableViewDelegate.swift"; sourceTree = "<group>"; };
		A45950A9286B76CD002445D1 /* GoogleService-Info.plist */ = {isa = PBXFileReference; fileEncoding = 4; lastKnownFileType = text.plist.xml; path = "GoogleService-Info.plist"; sourceTree = "<group>"; };
		A469C71D27CE7873008BBFE4 /* gb_vk_client.app */ = {isa = PBXFileReference; explicitFileType = wrapper.application; includeInIndex = 0; path = gb_vk_client.app; sourceTree = BUILT_PRODUCTS_DIR; };
		A469C72027CE7873008BBFE4 /* AppDelegate.swift */ = {isa = PBXFileReference; lastKnownFileType = sourcecode.swift; path = AppDelegate.swift; sourceTree = "<group>"; };
		A469C72227CE7873008BBFE4 /* SceneDelegate.swift */ = {isa = PBXFileReference; lastKnownFileType = sourcecode.swift; path = SceneDelegate.swift; sourceTree = "<group>"; };
		A469C72727CE7873008BBFE4 /* Base */ = {isa = PBXFileReference; lastKnownFileType = file.storyboard; name = Base; path = Base.lproj/Main.storyboard; sourceTree = "<group>"; };
		A469C72927CE787B008BBFE4 /* Assets.xcassets */ = {isa = PBXFileReference; lastKnownFileType = folder.assetcatalog; path = Assets.xcassets; sourceTree = "<group>"; };
		A469C72C27CE787B008BBFE4 /* Base */ = {isa = PBXFileReference; lastKnownFileType = file.storyboard; name = Base; path = Base.lproj/LaunchScreen.storyboard; sourceTree = "<group>"; };
		A469C72E27CE787B008BBFE4 /* Info.plist */ = {isa = PBXFileReference; lastKnownFileType = text.plist.xml; path = Info.plist; sourceTree = "<group>"; };
		A4733E16284D2D1C007253B5 /* Session.swift */ = {isa = PBXFileReference; lastKnownFileType = sourcecode.swift; path = Session.swift; sourceTree = "<group>"; };
		A4753EC22873DD7A0014B863 /* ImageLoaderHelper.swift */ = {isa = PBXFileReference; lastKnownFileType = sourcecode.swift; path = ImageLoaderHelper.swift; sourceTree = "<group>"; };
		A4753EC62873DE640014B863 /* ImageCacheService.swift */ = {isa = PBXFileReference; lastKnownFileType = sourcecode.swift; path = ImageCacheService.swift; sourceTree = "<group>"; };
		A47CAE9A28511494008F24FE /* WebViewController.swift */ = {isa = PBXFileReference; lastKnownFileType = sourcecode.swift; path = WebViewController.swift; sourceTree = "<group>"; };
		A47CAEA1285127F8008F24FE /* VkAPI.swift */ = {isa = PBXFileReference; lastKnownFileType = sourcecode.swift; path = VkAPI.swift; sourceTree = "<group>"; };
		A4832F9E2860DB5500D95083 /* FriendsAPI.swift */ = {isa = PBXFileReference; lastKnownFileType = sourcecode.swift; path = FriendsAPI.swift; sourceTree = "<group>"; };
		A4832FA32860DD2400D95083 /* GroupsAPI.swift */ = {isa = PBXFileReference; lastKnownFileType = sourcecode.swift; path = GroupsAPI.swift; sourceTree = "<group>"; };
		A4832FA62860DDF800D95083 /* PhotosAPI.swift */ = {isa = PBXFileReference; lastKnownFileType = sourcecode.swift; path = PhotosAPI.swift; sourceTree = "<group>"; };
		A4832FA92860DE6100D95083 /* GroupsDB.swift */ = {isa = PBXFileReference; lastKnownFileType = sourcecode.swift; path = GroupsDB.swift; sourceTree = "<group>"; };
		A4832FAD2860DE6E00D95083 /* PhotosDB.swift */ = {isa = PBXFileReference; lastKnownFileType = sourcecode.swift; path = PhotosDB.swift; sourceTree = "<group>"; };
		A497405027E3C7A1003A48D0 /* Storage.swift */ = {isa = PBXFileReference; lastKnownFileType = sourcecode.swift; path = Storage.swift; sourceTree = "<group>"; };
		A4A2D95627E67005007E041A /* User.swift */ = {isa = PBXFileReference; lastKnownFileType = sourcecode.swift; path = User.swift; sourceTree = "<group>"; };
		A4A2D95A27E67011007E041A /* Group.swift */ = {isa = PBXFileReference; lastKnownFileType = sourcecode.swift; path = Group.swift; sourceTree = "<group>"; };
		A4A2D95E27E6783A007E041A /* GalleryController.swift */ = {isa = PBXFileReference; lastKnownFileType = sourcecode.swift; path = GalleryController.swift; sourceTree = "<group>"; };
		A4A2D96327E678C0007E041A /* GalleryCell.swift */ = {isa = PBXFileReference; lastKnownFileType = sourcecode.swift; path = GalleryCell.swift; sourceTree = "<group>"; };
		A4A2D96427E678C0007E041A /* GalleryCell.xib */ = {isa = PBXFileReference; lastKnownFileType = file.xib; path = GalleryCell.xib; sourceTree = "<group>"; };
		A4A2D96827E67AEA007E041A /* GalleryController+CollectionDataSource.swift */ = {isa = PBXFileReference; lastKnownFileType = sourcecode.swift; path = "GalleryController+CollectionDataSource.swift"; sourceTree = "<group>"; };
		A4A2D96B27E67EF3007E041A /* GalleryController+CollectionDelegateFlowLayout.swift */ = {isa = PBXFileReference; lastKnownFileType = sourcecode.swift; path = "GalleryController+CollectionDelegateFlowLayout.swift"; sourceTree = "<group>"; };
		A4A2D96E27E67FF7007E041A /* GalleryController+CollectionDelegate.swift */ = {isa = PBXFileReference; lastKnownFileType = sourcecode.swift; path = "GalleryController+CollectionDelegate.swift"; sourceTree = "<group>"; };
		A4A70EAF28526F210019FC49 /* AllGroupsController+SearchBarDelegate.swift */ = {isa = PBXFileReference; lastKnownFileType = sourcecode.swift; path = "AllGroupsController+SearchBarDelegate.swift"; sourceTree = "<group>"; };
		A4AB66BC27DE5C0D00FEA863 /* GroupsController.swift */ = {isa = PBXFileReference; lastKnownFileType = sourcecode.swift; path = GroupsController.swift; sourceTree = "<group>"; };
		A4AB66C027DE5C1E00FEA863 /* FriendsController.swift */ = {isa = PBXFileReference; lastKnownFileType = sourcecode.swift; path = FriendsController.swift; sourceTree = "<group>"; };
		A4AB66CE27DE690C00FEA863 /* FriendsController+TableViewDataSource.swift */ = {isa = PBXFileReference; lastKnownFileType = sourcecode.swift; path = "FriendsController+TableViewDataSource.swift"; sourceTree = "<group>"; };
		A4AB66D127DE6AB900FEA863 /* FriendsController+TableViewDelegate.swift */ = {isa = PBXFileReference; lastKnownFileType = sourcecode.swift; path = "FriendsController+TableViewDelegate.swift"; sourceTree = "<group>"; };
		A4AB66D427DE6B5800FEA863 /* Constants.swift */ = {isa = PBXFileReference; lastKnownFileType = sourcecode.swift; path = Constants.swift; sourceTree = "<group>"; };
		A4AE36C627D8EEE300EBCF16 /* LoginViewController.swift */ = {isa = PBXFileReference; lastKnownFileType = sourcecode.swift; path = LoginViewController.swift; sourceTree = "<group>"; };
		A4C64E6F285F972E004EEFDC /* FriendsDB.swift */ = {isa = PBXFileReference; lastKnownFileType = sourcecode.swift; path = FriendsDB.swift; sourceTree = "<group>"; };
		A4CFD85E27DE8151005A8FFA /* AllGroupsController.swift */ = {isa = PBXFileReference; lastKnownFileType = sourcecode.swift; path = AllGroupsController.swift; sourceTree = "<group>"; };
		A4CFD86127DE81EF005A8FFA /* AllGroupsController+TableViewDataSource.swift */ = {isa = PBXFileReference; lastKnownFileType = sourcecode.swift; path = "AllGroupsController+TableViewDataSource.swift"; sourceTree = "<group>"; };
		A4D18F9C28145DBA0098C0AF /* LikeControlView.swift */ = {isa = PBXFileReference; lastKnownFileType = sourcecode.swift; path = LikeControlView.swift; sourceTree = "<group>"; };
		A4D18F9F28145DE30098C0AF /* LikeControlView.xib */ = {isa = PBXFileReference; lastKnownFileType = file.xib; path = LikeControlView.xib; sourceTree = "<group>"; };
		A4F0FA6E27E7914800468DF3 /* FotoViewController.swift */ = {isa = PBXFileReference; lastKnownFileType = sourcecode.swift; path = FotoViewController.swift; sourceTree = "<group>"; };
		A4FFF08E2864E36D00990E9C /* RealmDB.swift */ = {isa = PBXFileReference; lastKnownFileType = sourcecode.swift; path = RealmDB.swift; sourceTree = "<group>"; };
/* End PBXFileReference section */

/* Begin PBXFrameworksBuildPhase section */
		A469C71A27CE7873008BBFE4 /* Frameworks */ = {
			isa = PBXFrameworksBuildPhase;
			buildActionMask = 2147483647;
			files = (
				A45950B0286B78E0002445D1 /* FirebaseDatabaseSwift in Frameworks */,
				A47B126B2856699600DAE1FD /* Kingfisher in Frameworks */,
				A47B1267285663B300DAE1FD /* SwiftyJSON in Frameworks */,
				A416E168285BB4A700CEDB35 /* SwiftKeychainWrapper in Frameworks */,
				A49FBC94285917E000EEC67E /* Realm in Frameworks */,
				A49FBC96285917E000EEC67E /* RealmSwift in Frameworks */,
				A45950AE286B78E0002445D1 /* FirebaseAuth in Frameworks */,
				A47CAE9628511382008F24FE /* Alamofire in Frameworks */,
			);
			runOnlyForDeploymentPostprocessing = 0;
		};
/* End PBXFrameworksBuildPhase section */

/* Begin PBXGroup section */
		A404408A285658710099C097 /* Resources */ = {
			isa = PBXGroup;
			children = (
				A469C72927CE787B008BBFE4 /* Assets.xcassets */,
				A469C72E27CE787B008BBFE4 /* Info.plist */,
				A45950A9286B76CD002445D1 /* GoogleService-Info.plist */,
			);
			path = Resources;
			sourceTree = "<group>";
		};
		A433B6DA285654AA00E233E9 /* Extensions */ = {
			isa = PBXGroup;
			children = (
				A45588052848111C0031154B /* UIView+setAnchorPoint.swift */,
				A4044086285657AF0099C097 /* Data+PrettyJSON.swift */,
			);
			path = Extensions;
			sourceTree = "<group>";
		};
		A433B6DC2856550C00E233E9 /* Animations */ = {
			isa = PBXGroup;
			children = (
				A45549E228468E1A00C796BE /* CustomPushAnimator.swift */,
				A455880C284813460031154B /* CustomPopAnimator.swift */,
				A45587E82846A5590031154B /* CustomInteractiveTransition.swift */,
			);
			path = Animations;
			sourceTree = "<group>";
		};
		A433B6DE2856552300E233E9 /* Storyboards */ = {
			isa = PBXGroup;
			children = (
				A469C72627CE7873008BBFE4 /* Main.storyboard */,
				A469C72B27CE787B008BBFE4 /* LaunchScreen.storyboard */,
			);
			path = Storyboards;
			sourceTree = "<group>";
		};
		A433B6DF2856554300E233E9 /* Apps */ = {
			isa = PBXGroup;
			children = (
				A469C72027CE7873008BBFE4 /* AppDelegate.swift */,
				A469C72227CE7873008BBFE4 /* SceneDelegate.swift */,
			);
			path = Apps;
			sourceTree = "<group>";
		};
		A433B6E12856555000E233E9 /* Helpers */ = {
			isa = PBXGroup;
			children = (
				A4AB66D427DE6B5800FEA863 /* Constants.swift */,
				A497405027E3C7A1003A48D0 /* Storage.swift */,
			);
			path = Helpers;
			sourceTree = "<group>";
		};
		A45029982850FFB0004D37EA /* Services */ = {
			isa = PBXGroup;
			children = (
				A421B91A2873D5B800CB3A14 /* ImageLoaderService.swift */,
				A4753EC62873DE640014B863 /* ImageCacheService.swift */,
				A4753EC22873DD7A0014B863 /* ImageLoaderHelper.swift */,
				A4733E16284D2D1C007253B5 /* Session.swift */,
				A4832F9D2860DADF00D95083 /* VkAPI */,
				A4C64E6E285F96EF004EEFDC /* RealmDB */,
			);
			path = Services;
			sourceTree = "<group>";
		};
		A45549DA2846881F00C796BE /* CustomNavigationController */ = {
			isa = PBXGroup;
			children = (
				A45549DB2846886000C796BE /* CustomNavigationController.swift */,
			);
			path = CustomNavigationController;
			sourceTree = "<group>";
		};
		A469C71427CE7873008BBFE4 = {
			isa = PBXGroup;
			children = (
				A469C71F27CE7873008BBFE4 /* gb_vk_client */,
				A469C71E27CE7873008BBFE4 /* Products */,
			);
			sourceTree = "<group>";
		};
		A469C71E27CE7873008BBFE4 /* Products */ = {
			isa = PBXGroup;
			children = (
				A469C71D27CE7873008BBFE4 /* gb_vk_client.app */,
			);
			name = Products;
			sourceTree = "<group>";
		};
		A469C71F27CE7873008BBFE4 /* gb_vk_client */ = {
			isa = PBXGroup;
			children = (
				A433B6DF2856554300E233E9 /* Apps */,
				A404408A285658710099C097 /* Resources */,
				A433B6DE2856552300E233E9 /* Storyboards */,
				A433B6E12856555000E233E9 /* Helpers */,
				A4A2D95427E66FE6007E041A /* Model */,
				A4AB66C327DE5F7200FEA863 /* Controllers */,
				A4AB66C727DE5FBE00FEA863 /* Cells */,
				A4D18FA228145DFB0098C0AF /* LikeControlView */,
				A433B6DC2856550C00E233E9 /* Animations */,
				A433B6DA285654AA00E233E9 /* Extensions */,
				A45029982850FFB0004D37EA /* Services */,
			);
			path = gb_vk_client;
			sourceTree = "<group>";
		};
		A47CAE9928511464008F24FE /* WebViewControoler */ = {
			isa = PBXGroup;
			children = (
				A47CAE9A28511494008F24FE /* WebViewController.swift */,
			);
			path = WebViewControoler;
			sourceTree = "<group>";
		};
		A4832F9D2860DADF00D95083 /* VkAPI */ = {
			isa = PBXGroup;
			children = (
				A47CAEA1285127F8008F24FE /* VkAPI.swift */,
				A4832F9E2860DB5500D95083 /* FriendsAPI.swift */,
				A4832FA32860DD2400D95083 /* GroupsAPI.swift */,
				A4832FA62860DDF800D95083 /* PhotosAPI.swift */,
			);
			path = VkAPI;
			sourceTree = "<group>";
		};
		A4A2D95427E66FE6007E041A /* Model */ = {
			isa = PBXGroup;
			children = (
				A4A2D95627E67005007E041A /* User.swift */,
				A4A2D95A27E67011007E041A /* Group.swift */,
				A404408E28565EC60099C097 /* Photo.swift */,
			);
			path = Model;
			sourceTree = "<group>";
		};
		A4A2D95D27E67811007E041A /* GalleryController */ = {
			isa = PBXGroup;
			children = (
				A4A2D95E27E6783A007E041A /* GalleryController.swift */,
				A4A2D96827E67AEA007E041A /* GalleryController+CollectionDataSource.swift */,
				A4A2D96E27E67FF7007E041A /* GalleryController+CollectionDelegate.swift */,
				A4A2D96B27E67EF3007E041A /* GalleryController+CollectionDelegateFlowLayout.swift */,
			);
			path = GalleryController;
			sourceTree = "<group>";
		};
		A4AB66BA27DE5BD200FEA863 /* FriendsController */ = {
			isa = PBXGroup;
			children = (
				A4AB66C027DE5C1E00FEA863 /* FriendsController.swift */,
				A40F4195281732F100282382 /* FriendsController+SearchBarDelegate.swift */,
				A4AB66CE27DE690C00FEA863 /* FriendsController+TableViewDataSource.swift */,
				A4AB66D127DE6AB900FEA863 /* FriendsController+TableViewDelegate.swift */,
			);
			path = FriendsController;
			sourceTree = "<group>";
		};
		A4AB66BB27DE5BDD00FEA863 /* GroupsController */ = {
			isa = PBXGroup;
			children = (
				A4AB66BC27DE5C0D00FEA863 /* GroupsController.swift */,
				A456E8D427DE83EE00640604 /* GroupsController+TableViewDataSource.swift */,
				A456E8D727DE844B00640604 /* GroupsController+TableViewDelegate.swift */,
			);
			path = GroupsController;
			sourceTree = "<group>";
		};
		A4AB66C327DE5F7200FEA863 /* Controllers */ = {
			isa = PBXGroup;
			children = (
				A47CAE9928511464008F24FE /* WebViewControoler */,
				A4AB66BA27DE5BD200FEA863 /* FriendsController */,
				A4A2D95D27E67811007E041A /* GalleryController */,
				A4AB66BB27DE5BDD00FEA863 /* GroupsController */,
				A4CFD85827DE7D3F005A8FFA /* AllGroupsController */,
				A4F0FA6D27E7912000468DF3 /* FotoViewController */,
				A45549DA2846881F00C796BE /* CustomNavigationController */,
				A4AB66C527DE5F9800FEA863 /* LoginViewController */,
			);
			path = Controllers;
			sourceTree = "<group>";
		};
		A4AB66C527DE5F9800FEA863 /* LoginViewController */ = {
			isa = PBXGroup;
			children = (
				A4AE36C627D8EEE300EBCF16 /* LoginViewController.swift */,
			);
			path = LoginViewController;
			sourceTree = "<group>";
		};
		A4AB66C727DE5FBE00FEA863 /* Cells */ = {
			isa = PBXGroup;
			children = (
				A44B102327DE7766009C84A5 /* UniversalTableViewCell.swift */,
				A44B102427DE7766009C84A5 /* UniversalTableViewCell.xib */,
				A4A2D96327E678C0007E041A /* GalleryCell.swift */,
				A4A2D96427E678C0007E041A /* GalleryCell.xib */,
			);
			path = Cells;
			sourceTree = "<group>";
		};
		A4C64E6E285F96EF004EEFDC /* RealmDB */ = {
			isa = PBXGroup;
			children = (
				A4FFF08E2864E36D00990E9C /* RealmDB.swift */,
				A4C64E6F285F972E004EEFDC /* FriendsDB.swift */,
				A4832FA92860DE6100D95083 /* GroupsDB.swift */,
				A4832FAD2860DE6E00D95083 /* PhotosDB.swift */,
			);
			path = RealmDB;
			sourceTree = "<group>";
		};
		A4CFD85827DE7D3F005A8FFA /* AllGroupsController */ = {
			isa = PBXGroup;
			children = (
				A4CFD85E27DE8151005A8FFA /* AllGroupsController.swift */,
				A4CFD86127DE81EF005A8FFA /* AllGroupsController+TableViewDataSource.swift */,
				A456E8D127DE82ED00640604 /* AllGroupsController+TableViewDelegate.swift */,
				A4A70EAF28526F210019FC49 /* AllGroupsController+SearchBarDelegate.swift */,
			);
			path = AllGroupsController;
			sourceTree = "<group>";
		};
		A4D18FA228145DFB0098C0AF /* LikeControlView */ = {
			isa = PBXGroup;
			children = (
				A4D18F9C28145DBA0098C0AF /* LikeControlView.swift */,
				A4D18F9F28145DE30098C0AF /* LikeControlView.xib */,
			);
			path = LikeControlView;
			sourceTree = "<group>";
			tabWidth = 4;
			wrapsLines = 1;
		};
		A4F0FA6D27E7912000468DF3 /* FotoViewController */ = {
			isa = PBXGroup;
			children = (
				A4F0FA6E27E7914800468DF3 /* FotoViewController.swift */,
			);
			path = FotoViewController;
			sourceTree = "<group>";
		};
/* End PBXGroup section */

/* Begin PBXNativeTarget section */
		A469C71C27CE7873008BBFE4 /* gb_vk_client */ = {
			isa = PBXNativeTarget;
			buildConfigurationList = A469C73127CE787B008BBFE4 /* Build configuration list for PBXNativeTarget "gb_vk_client" */;
			buildPhases = (
				A469C71927CE7873008BBFE4 /* Sources */,
				A469C71A27CE7873008BBFE4 /* Frameworks */,
				A469C71B27CE7873008BBFE4 /* Resources */,
			);
			buildRules = (
			);
			dependencies = (
			);
			name = gb_vk_client;
			packageProductDependencies = (
				A47CAE9528511382008F24FE /* Alamofire */,
				A47B1266285663B300DAE1FD /* SwiftyJSON */,
				A47B126A2856699600DAE1FD /* Kingfisher */,
				A49FBC93285917E000EEC67E /* Realm */,
				A49FBC95285917E000EEC67E /* RealmSwift */,
				A416E167285BB4A700CEDB35 /* SwiftKeychainWrapper */,
				A45950AD286B78E0002445D1 /* FirebaseAuth */,
				A45950AF286B78E0002445D1 /* FirebaseDatabaseSwift */,
			);
			productName = gb_vk_client;
			productReference = A469C71D27CE7873008BBFE4 /* gb_vk_client.app */;
			productType = "com.apple.product-type.application";
		};
/* End PBXNativeTarget section */

/* Begin PBXProject section */
		A469C71527CE7873008BBFE4 /* Project object */ = {
			isa = PBXProject;
			attributes = {
				LastSwiftUpdateCheck = 1240;
				LastUpgradeCheck = 1240;
				TargetAttributes = {
					A469C71C27CE7873008BBFE4 = {
						CreatedOnToolsVersion = 12.4;
					};
				};
			};
			buildConfigurationList = A469C71827CE7873008BBFE4 /* Build configuration list for PBXProject "gb_vk_client" */;
			compatibilityVersion = "Xcode 9.3";
			developmentRegion = en;
			hasScannedForEncodings = 0;
			knownRegions = (
				en,
				Base,
			);
			mainGroup = A469C71427CE7873008BBFE4;
			packageReferences = (
				A47CAE9428511382008F24FE /* XCRemoteSwiftPackageReference "Alamofire" */,
				A47B1265285663B300DAE1FD /* XCRemoteSwiftPackageReference "SwiftyJSON" */,
				A47B12692856699600DAE1FD /* XCRemoteSwiftPackageReference "Kingfisher" */,
				A49FBC92285917E000EEC67E /* XCRemoteSwiftPackageReference "realm-swift" */,
				A416E166285BB4A600CEDB35 /* XCRemoteSwiftPackageReference "SwiftKeychainWrapper" */,
				A45950AC286B78DF002445D1 /* XCRemoteSwiftPackageReference "firebase-ios-sdk" */,
			);
			productRefGroup = A469C71E27CE7873008BBFE4 /* Products */;
			projectDirPath = "";
			projectRoot = "";
			targets = (
				A469C71C27CE7873008BBFE4 /* gb_vk_client */,
			);
		};
/* End PBXProject section */

/* Begin PBXResourcesBuildPhase section */
		A469C71B27CE7873008BBFE4 /* Resources */ = {
			isa = PBXResourcesBuildPhase;
			buildActionMask = 2147483647;
			files = (
				A4A2D96627E678C0007E041A /* GalleryCell.xib in Resources */,
				A4D18FA028145DE30098C0AF /* LikeControlView.xib in Resources */,
				A469C72D27CE787B008BBFE4 /* LaunchScreen.storyboard in Resources */,
				A469C72A27CE787B008BBFE4 /* Assets.xcassets in Resources */,
				A469C72827CE7873008BBFE4 /* Main.storyboard in Resources */,
				A44B102627DE7766009C84A5 /* UniversalTableViewCell.xib in Resources */,
				A45950AA286B76CD002445D1 /* GoogleService-Info.plist in Resources */,
			);
			runOnlyForDeploymentPostprocessing = 0;
		};
/* End PBXResourcesBuildPhase section */

/* Begin PBXSourcesBuildPhase section */
		A469C71927CE7873008BBFE4 /* Sources */ = {
			isa = PBXSourcesBuildPhase;
			buildActionMask = 2147483647;
			files = (
				A4AE36C727D8EEE300EBCF16 /* LoginViewController.swift in Sources */,
				A404408F28565EC60099C097 /* Photo.swift in Sources */,
				A421B91B2873D5B800CB3A14 /* ImageLoaderService.swift in Sources */,
				A47CAE9B28511494008F24FE /* WebViewController.swift in Sources */,
				A4D18F9D28145DBA0098C0AF /* LikeControlView.swift in Sources */,
				A4A2D96927E67AEA007E041A /* GalleryController+CollectionDataSource.swift in Sources */,
				A45587E92846A5590031154B /* CustomInteractiveTransition.swift in Sources */,
				A4A2D95B27E67011007E041A /* Group.swift in Sources */,
				A4753EC72873DE640014B863 /* ImageCacheService.swift in Sources */,
				A4AB66C127DE5C1E00FEA863 /* FriendsController.swift in Sources */,
				A4753EC32873DD7A0014B863 /* ImageLoaderHelper.swift in Sources */,
				A4AB66BD27DE5C0D00FEA863 /* GroupsController.swift in Sources */,
				A4832FA72860DDF800D95083 /* PhotosAPI.swift in Sources */,
				A4832FAE2860DE6E00D95083 /* PhotosDB.swift in Sources */,
				A469C72127CE7873008BBFE4 /* AppDelegate.swift in Sources */,
				A456E8D227DE82ED00640604 /* AllGroupsController+TableViewDelegate.swift in Sources */,
				A4AB66D227DE6AB900FEA863 /* FriendsController+TableViewDelegate.swift in Sources */,
				A4832FA42860DD2400D95083 /* GroupsAPI.swift in Sources */,
				A4832FAA2860DE6100D95083 /* GroupsDB.swift in Sources */,
				A45588062848111C0031154B /* UIView+setAnchorPoint.swift in Sources */,
				A4AB66CF27DE690C00FEA863 /* FriendsController+TableViewDataSource.swift in Sources */,
				A4733E17284D2D1C007253B5 /* Session.swift in Sources */,
				A456E8D527DE83EE00640604 /* GroupsController+TableViewDataSource.swift in Sources */,
				A4044087285657AF0099C097 /* Data+PrettyJSON.swift in Sources */,
				A469C72327CE7873008BBFE4 /* SceneDelegate.swift in Sources */,
				A45549E328468E1A00C796BE /* CustomPushAnimator.swift in Sources */,
				A45549DC2846886000C796BE /* CustomNavigationController.swift in Sources */,
				A4A2D96F27E67FF7007E041A /* GalleryController+CollectionDelegate.swift in Sources */,
				A4CFD85F27DE8151005A8FFA /* AllGroupsController.swift in Sources */,
				A456E8D827DE844B00640604 /* GroupsController+TableViewDelegate.swift in Sources */,
				A40F4196281732F100282382 /* FriendsController+SearchBarDelegate.swift in Sources */,
				A4832F9F2860DB5500D95083 /* FriendsAPI.swift in Sources */,
				A4A2D95F27E6783A007E041A /* GalleryController.swift in Sources */,
				A4AB66D527DE6B5800FEA863 /* Constants.swift in Sources */,
				A4F0FA6F27E7914800468DF3 /* FotoViewController.swift in Sources */,
				A4CFD86227DE81EF005A8FFA /* AllGroupsController+TableViewDataSource.swift in Sources */,
				A455880D284813460031154B /* CustomPopAnimator.swift in Sources */,
				A47CAEA2285127F8008F24FE /* VkAPI.swift in Sources */,
				A4C64E70285F972E004EEFDC /* FriendsDB.swift in Sources */,
				A4A2D96527E678C0007E041A /* GalleryCell.swift in Sources */,
				A44B102527DE7766009C84A5 /* UniversalTableViewCell.swift in Sources */,
				A4A2D96C27E67EF3007E041A /* GalleryController+CollectionDelegateFlowLayout.swift in Sources */,
				A497405127E3C7A1003A48D0 /* Storage.swift in Sources */,
				A4FFF08F2864E36D00990E9C /* RealmDB.swift in Sources */,
				A4A2D95727E67005007E041A /* User.swift in Sources */,
				A4A70EB028526F210019FC49 /* AllGroupsController+SearchBarDelegate.swift in Sources */,
			);
			runOnlyForDeploymentPostprocessing = 0;
		};
/* End PBXSourcesBuildPhase section */

/* Begin PBXVariantGroup section */
		A469C72627CE7873008BBFE4 /* Main.storyboard */ = {
			isa = PBXVariantGroup;
			children = (
				A469C72727CE7873008BBFE4 /* Base */,
			);
			name = Main.storyboard;
			sourceTree = "<group>";
		};
		A469C72B27CE787B008BBFE4 /* LaunchScreen.storyboard */ = {
			isa = PBXVariantGroup;
			children = (
				A469C72C27CE787B008BBFE4 /* Base */,
			);
			name = LaunchScreen.storyboard;
			sourceTree = "<group>";
		};
/* End PBXVariantGroup section */

/* Begin XCBuildConfiguration section */
		A469C72F27CE787B008BBFE4 /* Debug */ = {
			isa = XCBuildConfiguration;
			buildSettings = {
				ALWAYS_SEARCH_USER_PATHS = NO;
				CLANG_ANALYZER_NONNULL = YES;
				CLANG_ANALYZER_NUMBER_OBJECT_CONVERSION = YES_AGGRESSIVE;
				CLANG_CXX_LANGUAGE_STANDARD = "gnu++14";
				CLANG_CXX_LIBRARY = "libc++";
				CLANG_ENABLE_MODULES = YES;
				CLANG_ENABLE_OBJC_ARC = YES;
				CLANG_ENABLE_OBJC_WEAK = YES;
				CLANG_WARN_BLOCK_CAPTURE_AUTORELEASING = YES;
				CLANG_WARN_BOOL_CONVERSION = YES;
				CLANG_WARN_COMMA = YES;
				CLANG_WARN_CONSTANT_CONVERSION = YES;
				CLANG_WARN_DEPRECATED_OBJC_IMPLEMENTATIONS = YES;
				CLANG_WARN_DIRECT_OBJC_ISA_USAGE = YES_ERROR;
				CLANG_WARN_DOCUMENTATION_COMMENTS = YES;
				CLANG_WARN_EMPTY_BODY = YES;
				CLANG_WARN_ENUM_CONVERSION = YES;
				CLANG_WARN_INFINITE_RECURSION = YES;
				CLANG_WARN_INT_CONVERSION = YES;
				CLANG_WARN_NON_LITERAL_NULL_CONVERSION = YES;
				CLANG_WARN_OBJC_IMPLICIT_RETAIN_SELF = YES;
				CLANG_WARN_OBJC_LITERAL_CONVERSION = YES;
				CLANG_WARN_OBJC_ROOT_CLASS = YES_ERROR;
				CLANG_WARN_QUOTED_INCLUDE_IN_FRAMEWORK_HEADER = YES;
				CLANG_WARN_RANGE_LOOP_ANALYSIS = YES;
				CLANG_WARN_STRICT_PROTOTYPES = YES;
				CLANG_WARN_SUSPICIOUS_MOVE = YES;
				CLANG_WARN_UNGUARDED_AVAILABILITY = YES_AGGRESSIVE;
				CLANG_WARN_UNREACHABLE_CODE = YES;
				CLANG_WARN__DUPLICATE_METHOD_MATCH = YES;
				COPY_PHASE_STRIP = NO;
				DEBUG_INFORMATION_FORMAT = dwarf;
				ENABLE_STRICT_OBJC_MSGSEND = YES;
				ENABLE_TESTABILITY = YES;
				GCC_C_LANGUAGE_STANDARD = gnu11;
				GCC_DYNAMIC_NO_PIC = NO;
				GCC_NO_COMMON_BLOCKS = YES;
				GCC_OPTIMIZATION_LEVEL = 0;
				GCC_PREPROCESSOR_DEFINITIONS = (
					"DEBUG=1",
					"$(inherited)",
				);
				GCC_WARN_64_TO_32_BIT_CONVERSION = YES;
				GCC_WARN_ABOUT_RETURN_TYPE = YES_ERROR;
				GCC_WARN_UNDECLARED_SELECTOR = YES;
				GCC_WARN_UNINITIALIZED_AUTOS = YES_AGGRESSIVE;
				GCC_WARN_UNUSED_FUNCTION = YES;
				GCC_WARN_UNUSED_VARIABLE = YES;
				IPHONEOS_DEPLOYMENT_TARGET = 14.4;
				MTL_ENABLE_DEBUG_INFO = INCLUDE_SOURCE;
				MTL_FAST_MATH = YES;
				ONLY_ACTIVE_ARCH = YES;
				SDKROOT = iphoneos;
				SWIFT_ACTIVE_COMPILATION_CONDITIONS = DEBUG;
				SWIFT_OPTIMIZATION_LEVEL = "-Onone";
			};
			name = Debug;
		};
		A469C73027CE787B008BBFE4 /* Release */ = {
			isa = XCBuildConfiguration;
			buildSettings = {
				ALWAYS_SEARCH_USER_PATHS = NO;
				CLANG_ANALYZER_NONNULL = YES;
				CLANG_ANALYZER_NUMBER_OBJECT_CONVERSION = YES_AGGRESSIVE;
				CLANG_CXX_LANGUAGE_STANDARD = "gnu++14";
				CLANG_CXX_LIBRARY = "libc++";
				CLANG_ENABLE_MODULES = YES;
				CLANG_ENABLE_OBJC_ARC = YES;
				CLANG_ENABLE_OBJC_WEAK = YES;
				CLANG_WARN_BLOCK_CAPTURE_AUTORELEASING = YES;
				CLANG_WARN_BOOL_CONVERSION = YES;
				CLANG_WARN_COMMA = YES;
				CLANG_WARN_CONSTANT_CONVERSION = YES;
				CLANG_WARN_DEPRECATED_OBJC_IMPLEMENTATIONS = YES;
				CLANG_WARN_DIRECT_OBJC_ISA_USAGE = YES_ERROR;
				CLANG_WARN_DOCUMENTATION_COMMENTS = YES;
				CLANG_WARN_EMPTY_BODY = YES;
				CLANG_WARN_ENUM_CONVERSION = YES;
				CLANG_WARN_INFINITE_RECURSION = YES;
				CLANG_WARN_INT_CONVERSION = YES;
				CLANG_WARN_NON_LITERAL_NULL_CONVERSION = YES;
				CLANG_WARN_OBJC_IMPLICIT_RETAIN_SELF = YES;
				CLANG_WARN_OBJC_LITERAL_CONVERSION = YES;
				CLANG_WARN_OBJC_ROOT_CLASS = YES_ERROR;
				CLANG_WARN_QUOTED_INCLUDE_IN_FRAMEWORK_HEADER = YES;
				CLANG_WARN_RANGE_LOOP_ANALYSIS = YES;
				CLANG_WARN_STRICT_PROTOTYPES = YES;
				CLANG_WARN_SUSPICIOUS_MOVE = YES;
				CLANG_WARN_UNGUARDED_AVAILABILITY = YES_AGGRESSIVE;
				CLANG_WARN_UNREACHABLE_CODE = YES;
				CLANG_WARN__DUPLICATE_METHOD_MATCH = YES;
				COPY_PHASE_STRIP = NO;
				DEBUG_INFORMATION_FORMAT = "dwarf-with-dsym";
				ENABLE_NS_ASSERTIONS = NO;
				ENABLE_STRICT_OBJC_MSGSEND = YES;
				GCC_C_LANGUAGE_STANDARD = gnu11;
				GCC_NO_COMMON_BLOCKS = YES;
				GCC_WARN_64_TO_32_BIT_CONVERSION = YES;
				GCC_WARN_ABOUT_RETURN_TYPE = YES_ERROR;
				GCC_WARN_UNDECLARED_SELECTOR = YES;
				GCC_WARN_UNINITIALIZED_AUTOS = YES_AGGRESSIVE;
				GCC_WARN_UNUSED_FUNCTION = YES;
				GCC_WARN_UNUSED_VARIABLE = YES;
				IPHONEOS_DEPLOYMENT_TARGET = 14.4;
				MTL_ENABLE_DEBUG_INFO = NO;
				MTL_FAST_MATH = YES;
				SDKROOT = iphoneos;
				SWIFT_COMPILATION_MODE = wholemodule;
				SWIFT_OPTIMIZATION_LEVEL = "-O";
				VALIDATE_PRODUCT = YES;
			};
			name = Release;
		};
		A469C73227CE787B008BBFE4 /* Debug */ = {
			isa = XCBuildConfiguration;
			buildSettings = {
				ASSETCATALOG_COMPILER_APPICON_NAME = AppIcon;
				ASSETCATALOG_COMPILER_GLOBAL_ACCENT_COLOR_NAME = AccentColor;
				CODE_SIGN_STYLE = Automatic;
				DEVELOPMENT_TEAM = 6MAW84PZ8M;
				INFOPLIST_FILE = gb_vk_client/Resources/Info.plist;
				LD_RUNPATH_SEARCH_PATHS = (
					"$(inherited)",
					"@executable_path/Frameworks",
				);
				PRODUCT_BUNDLE_IDENTIFIER = "gb.5vi5t.gb-vk-client";
				PRODUCT_NAME = "$(TARGET_NAME)";
				SWIFT_VERSION = 5.0;
				TARGETED_DEVICE_FAMILY = "1,2";
			};
			name = Debug;
		};
		A469C73327CE787B008BBFE4 /* Release */ = {
			isa = XCBuildConfiguration;
			buildSettings = {
				ASSETCATALOG_COMPILER_APPICON_NAME = AppIcon;
				ASSETCATALOG_COMPILER_GLOBAL_ACCENT_COLOR_NAME = AccentColor;
				CODE_SIGN_STYLE = Automatic;
				DEVELOPMENT_TEAM = 6MAW84PZ8M;
				INFOPLIST_FILE = gb_vk_client/Resources/Info.plist;
				LD_RUNPATH_SEARCH_PATHS = (
					"$(inherited)",
					"@executable_path/Frameworks",
				);
				PRODUCT_BUNDLE_IDENTIFIER = "gb.5vi5t.gb-vk-client";
				PRODUCT_NAME = "$(TARGET_NAME)";
				SWIFT_VERSION = 5.0;
				TARGETED_DEVICE_FAMILY = "1,2";
			};
			name = Release;
		};
/* End XCBuildConfiguration section */

/* Begin XCConfigurationList section */
		A469C71827CE7873008BBFE4 /* Build configuration list for PBXProject "gb_vk_client" */ = {
			isa = XCConfigurationList;
			buildConfigurations = (
				A469C72F27CE787B008BBFE4 /* Debug */,
				A469C73027CE787B008BBFE4 /* Release */,
			);
			defaultConfigurationIsVisible = 0;
			defaultConfigurationName = Release;
		};
		A469C73127CE787B008BBFE4 /* Build configuration list for PBXNativeTarget "gb_vk_client" */ = {
			isa = XCConfigurationList;
			buildConfigurations = (
				A469C73227CE787B008BBFE4 /* Debug */,
				A469C73327CE787B008BBFE4 /* Release */,
			);
			defaultConfigurationIsVisible = 0;
			defaultConfigurationName = Release;
		};
/* End XCConfigurationList section */

/* Begin XCRemoteSwiftPackageReference section */
		A416E166285BB4A600CEDB35 /* XCRemoteSwiftPackageReference "SwiftKeychainWrapper" */ = {
			isa = XCRemoteSwiftPackageReference;
			repositoryURL = "https://github.com/jrendel/SwiftKeychainWrapper.git";
			requirement = {
				kind = exactVersion;
				version = 4.0.1;
			};
		};
		A45950AC286B78DF002445D1 /* XCRemoteSwiftPackageReference "firebase-ios-sdk" */ = {
			isa = XCRemoteSwiftPackageReference;
			repositoryURL = "https://github.com/firebase/firebase-ios-sdk";
			requirement = {
				kind = exactVersion;
				version = 9.2.0;
			};
		};
		A47B1265285663B300DAE1FD /* XCRemoteSwiftPackageReference "SwiftyJSON" */ = {
			isa = XCRemoteSwiftPackageReference;
			repositoryURL = "https://github.com/SwiftyJSON/SwiftyJSON.git";
			requirement = {
				kind = exactVersion;
				version = 5.0.1;
			};
		};
		A47B12692856699600DAE1FD /* XCRemoteSwiftPackageReference "Kingfisher" */ = {
			isa = XCRemoteSwiftPackageReference;
			repositoryURL = "https://github.com/onevcat/Kingfisher.git";
			requirement = {
				kind = exactVersion;
				version = 7.2.3;
			};
		};
		A47CAE9428511382008F24FE /* XCRemoteSwiftPackageReference "Alamofire" */ = {
			isa = XCRemoteSwiftPackageReference;
			repositoryURL = "https://github.com/Alamofire/Alamofire.git";
			requirement = {
				kind = exactVersion;
				version = 5.6.1;
			};
		};
		A49FBC92285917E000EEC67E /* XCRemoteSwiftPackageReference "realm-swift" */ = {
			isa = XCRemoteSwiftPackageReference;
			repositoryURL = "https://github.com/realm/realm-swift.git";
			requirement = {
				kind = exactVersion;
				version = 10.25.2;
			};
		};
/* End XCRemoteSwiftPackageReference section */

/* Begin XCSwiftPackageProductDependency section */
		A416E167285BB4A700CEDB35 /* SwiftKeychainWrapper */ = {
			isa = XCSwiftPackageProductDependency;
			package = A416E166285BB4A600CEDB35 /* XCRemoteSwiftPackageReference "SwiftKeychainWrapper" */;
			productName = SwiftKeychainWrapper;
		};
		A45950AD286B78E0002445D1 /* FirebaseAuth */ = {
			isa = XCSwiftPackageProductDependency;
			package = A45950AC286B78DF002445D1 /* XCRemoteSwiftPackageReference "firebase-ios-sdk" */;
			productName = FirebaseAuth;
		};
		A45950AF286B78E0002445D1 /* FirebaseDatabaseSwift */ = {
			isa = XCSwiftPackageProductDependency;
			package = A45950AC286B78DF002445D1 /* XCRemoteSwiftPackageReference "firebase-ios-sdk" */;
			productName = FirebaseDatabaseSwift;
		};
		A47B1266285663B300DAE1FD /* SwiftyJSON */ = {
			isa = XCSwiftPackageProductDependency;
			package = A47B1265285663B300DAE1FD /* XCRemoteSwiftPackageReference "SwiftyJSON" */;
			productName = SwiftyJSON;
		};
		A47B126A2856699600DAE1FD /* Kingfisher */ = {
			isa = XCSwiftPackageProductDependency;
			package = A47B12692856699600DAE1FD /* XCRemoteSwiftPackageReference "Kingfisher" */;
			productName = Kingfisher;
		};
		A47CAE9528511382008F24FE /* Alamofire */ = {
			isa = XCSwiftPackageProductDependency;
			package = A47CAE9428511382008F24FE /* XCRemoteSwiftPackageReference "Alamofire" */;
			productName = Alamofire;
		};
		A49FBC93285917E000EEC67E /* Realm */ = {
			isa = XCSwiftPackageProductDependency;
			package = A49FBC92285917E000EEC67E /* XCRemoteSwiftPackageReference "realm-swift" */;
			productName = Realm;
		};
		A49FBC95285917E000EEC67E /* RealmSwift */ = {
			isa = XCSwiftPackageProductDependency;
			package = A49FBC92285917E000EEC67E /* XCRemoteSwiftPackageReference "realm-swift" */;
			productName = RealmSwift;
		};
/* End XCSwiftPackageProductDependency section */
	};
	rootObject = A469C71527CE7873008BBFE4 /* Project object */;
}
