// !$*UTF8*$!
{
	archiveVersion = 1;
	classes = {
	};
	objectVersion = 50;
	objects = {

/* Begin PBXBuildFile section */
		A40F4196281732F100282382 /* FriendsController+SearchBarDelegate.swift in Sources */ = {isa = PBXBuildFile; fileRef = A40F4195281732F100282382 /* FriendsController+SearchBarDelegate.swift */; };
		A44B102527DE7766009C84A5 /* UniversalTableViewCell.swift in Sources */ = {isa = PBXBuildFile; fileRef = A44B102327DE7766009C84A5 /* UniversalTableViewCell.swift */; };
		A44B102627DE7766009C84A5 /* UniversalTableViewCell.xib in Resources */ = {isa = PBXBuildFile; fileRef = A44B102427DE7766009C84A5 /* UniversalTableViewCell.xib */; };
		A456E8D227DE82ED00640604 /* AllGroupsController+TableViewDelegate.swift in Sources */ = {isa = PBXBuildFile; fileRef = A456E8D127DE82ED00640604 /* AllGroupsController+TableViewDelegate.swift */; };
		A456E8D527DE83EE00640604 /* GroupsController+TableViewDataSource.swift in Sources */ = {isa = PBXBuildFile; fileRef = A456E8D427DE83EE00640604 /* GroupsController+TableViewDataSource.swift */; };
		A456E8D827DE844B00640604 /* GroupsController+TableViewDelegate.swift in Sources */ = {isa = PBXBuildFile; fileRef = A456E8D727DE844B00640604 /* GroupsController+TableViewDelegate.swift */; };
		A469C72127CE7873008BBFE4 /* AppDelegate.swift in Sources */ = {isa = PBXBuildFile; fileRef = A469C72027CE7873008BBFE4 /* AppDelegate.swift */; };
		A469C72327CE7873008BBFE4 /* SceneDelegate.swift in Sources */ = {isa = PBXBuildFile; fileRef = A469C72227CE7873008BBFE4 /* SceneDelegate.swift */; };
		A469C72827CE7873008BBFE4 /* Main.storyboard in Resources */ = {isa = PBXBuildFile; fileRef = A469C72627CE7873008BBFE4 /* Main.storyboard */; };
		A469C72A27CE787B008BBFE4 /* Assets.xcassets in Resources */ = {isa = PBXBuildFile; fileRef = A469C72927CE787B008BBFE4 /* Assets.xcassets */; };
		A469C72D27CE787B008BBFE4 /* LaunchScreen.storyboard in Resources */ = {isa = PBXBuildFile; fileRef = A469C72B27CE787B008BBFE4 /* LaunchScreen.storyboard */; };
		A497405127E3C7A1003A48D0 /* Storage.swift in Sources */ = {isa = PBXBuildFile; fileRef = A497405027E3C7A1003A48D0 /* Storage.swift */; };
		A4A2D95727E67005007E041A /* Friend.swift in Sources */ = {isa = PBXBuildFile; fileRef = A4A2D95627E67005007E041A /* Friend.swift */; };
		A4A2D95B27E67011007E041A /* Group.swift in Sources */ = {isa = PBXBuildFile; fileRef = A4A2D95A27E67011007E041A /* Group.swift */; };
		A4A2D95F27E6783A007E041A /* GalleryController.swift in Sources */ = {isa = PBXBuildFile; fileRef = A4A2D95E27E6783A007E041A /* GalleryController.swift */; };
		A4A2D96527E678C0007E041A /* GalleryCell.swift in Sources */ = {isa = PBXBuildFile; fileRef = A4A2D96327E678C0007E041A /* GalleryCell.swift */; };
		A4A2D96627E678C0007E041A /* GalleryCell.xib in Resources */ = {isa = PBXBuildFile; fileRef = A4A2D96427E678C0007E041A /* GalleryCell.xib */; };
		A4A2D96927E67AEA007E041A /* GalleryController+CollectionDataSource.swift in Sources */ = {isa = PBXBuildFile; fileRef = A4A2D96827E67AEA007E041A /* GalleryController+CollectionDataSource.swift */; };
		A4A2D96C27E67EF3007E041A /* GalleryController+CollectionDelegateFlowLayout.swift in Sources */ = {isa = PBXBuildFile; fileRef = A4A2D96B27E67EF3007E041A /* GalleryController+CollectionDelegateFlowLayout.swift */; };
		A4A2D96F27E67FF7007E041A /* GalleryController+CollectionDelegate.swift in Sources */ = {isa = PBXBuildFile; fileRef = A4A2D96E27E67FF7007E041A /* GalleryController+CollectionDelegate.swift */; };
		A4AB66BD27DE5C0D00FEA863 /* GroupsController.swift in Sources */ = {isa = PBXBuildFile; fileRef = A4AB66BC27DE5C0D00FEA863 /* GroupsController.swift */; };
		A4AB66C127DE5C1E00FEA863 /* FriendsController.swift in Sources */ = {isa = PBXBuildFile; fileRef = A4AB66C027DE5C1E00FEA863 /* FriendsController.swift */; };
		A4AB66CF27DE690C00FEA863 /* FriendsController+TableViewDataSource.swift in Sources */ = {isa = PBXBuildFile; fileRef = A4AB66CE27DE690C00FEA863 /* FriendsController+TableViewDataSource.swift */; };
		A4AB66D227DE6AB900FEA863 /* FriendsController+TableViewDelegate.swift in Sources */ = {isa = PBXBuildFile; fileRef = A4AB66D127DE6AB900FEA863 /* FriendsController+TableViewDelegate.swift */; };
		A4AB66D527DE6B5800FEA863 /* Constants.swift in Sources */ = {isa = PBXBuildFile; fileRef = A4AB66D427DE6B5800FEA863 /* Constants.swift */; };
		A4AE36C727D8EEE300EBCF16 /* LoginViewController.swift in Sources */ = {isa = PBXBuildFile; fileRef = A4AE36C627D8EEE300EBCF16 /* LoginViewController.swift */; };
		A4CFD85F27DE8151005A8FFA /* AllGroupsController.swift in Sources */ = {isa = PBXBuildFile; fileRef = A4CFD85E27DE8151005A8FFA /* AllGroupsController.swift */; };
		A4CFD86227DE81EF005A8FFA /* AllGroupsController+TableViewDataSource.swift in Sources */ = {isa = PBXBuildFile; fileRef = A4CFD86127DE81EF005A8FFA /* AllGroupsController+TableViewDataSource.swift */; };
		A4D18F9D28145DBA0098C0AF /* LikeControlView.swift in Sources */ = {isa = PBXBuildFile; fileRef = A4D18F9C28145DBA0098C0AF /* LikeControlView.swift */; };
		A4D18FA028145DE30098C0AF /* LikeControlView.xib in Resources */ = {isa = PBXBuildFile; fileRef = A4D18F9F28145DE30098C0AF /* LikeControlView.xib */; };
		A4F0FA6F27E7914800468DF3 /* FotoViewController.swift in Sources */ = {isa = PBXBuildFile; fileRef = A4F0FA6E27E7914800468DF3 /* FotoViewController.swift */; };
/* End PBXBuildFile section */

/* Begin PBXFileReference section */
		A40F4195281732F100282382 /* FriendsController+SearchBarDelegate.swift */ = {isa = PBXFileReference; lastKnownFileType = sourcecode.swift; path = "FriendsController+SearchBarDelegate.swift"; sourceTree = "<group>"; };
		A44B102327DE7766009C84A5 /* UniversalTableViewCell.swift */ = {isa = PBXFileReference; lastKnownFileType = sourcecode.swift; path = UniversalTableViewCell.swift; sourceTree = "<group>"; };
		A44B102427DE7766009C84A5 /* UniversalTableViewCell.xib */ = {isa = PBXFileReference; lastKnownFileType = file.xib; path = UniversalTableViewCell.xib; sourceTree = "<group>"; };
		A456E8D127DE82ED00640604 /* AllGroupsController+TableViewDelegate.swift */ = {isa = PBXFileReference; lastKnownFileType = sourcecode.swift; path = "AllGroupsController+TableViewDelegate.swift"; sourceTree = "<group>"; };
		A456E8D427DE83EE00640604 /* GroupsController+TableViewDataSource.swift */ = {isa = PBXFileReference; lastKnownFileType = sourcecode.swift; path = "GroupsController+TableViewDataSource.swift"; sourceTree = "<group>"; };
		A456E8D727DE844B00640604 /* GroupsController+TableViewDelegate.swift */ = {isa = PBXFileReference; lastKnownFileType = sourcecode.swift; path = "GroupsController+TableViewDelegate.swift"; sourceTree = "<group>"; };
		A469C71D27CE7873008BBFE4 /* gb_vk_client.app */ = {isa = PBXFileReference; explicitFileType = wrapper.application; includeInIndex = 0; path = gb_vk_client.app; sourceTree = BUILT_PRODUCTS_DIR; };
		A469C72027CE7873008BBFE4 /* AppDelegate.swift */ = {isa = PBXFileReference; lastKnownFileType = sourcecode.swift; path = AppDelegate.swift; sourceTree = "<group>"; };
		A469C72227CE7873008BBFE4 /* SceneDelegate.swift */ = {isa = PBXFileReference; lastKnownFileType = sourcecode.swift; path = SceneDelegate.swift; sourceTree = "<group>"; };
		A469C72727CE7873008BBFE4 /* Base */ = {isa = PBXFileReference; lastKnownFileType = file.storyboard; name = Base; path = Base.lproj/Main.storyboard; sourceTree = "<group>"; };
		A469C72927CE787B008BBFE4 /* Assets.xcassets */ = {isa = PBXFileReference; lastKnownFileType = folder.assetcatalog; path = Assets.xcassets; sourceTree = "<group>"; };
		A469C72C27CE787B008BBFE4 /* Base */ = {isa = PBXFileReference; lastKnownFileType = file.storyboard; name = Base; path = Base.lproj/LaunchScreen.storyboard; sourceTree = "<group>"; };
		A469C72E27CE787B008BBFE4 /* Info.plist */ = {isa = PBXFileReference; lastKnownFileType = text.plist.xml; path = Info.plist; sourceTree = "<group>"; };
		A497405027E3C7A1003A48D0 /* Storage.swift */ = {isa = PBXFileReference; lastKnownFileType = sourcecode.swift; path = Storage.swift; sourceTree = "<group>"; };
		A4A2D95627E67005007E041A /* Friend.swift */ = {isa = PBXFileReference; lastKnownFileType = sourcecode.swift; path = Friend.swift; sourceTree = "<group>"; };
		A4A2D95A27E67011007E041A /* Group.swift */ = {isa = PBXFileReference; lastKnownFileType = sourcecode.swift; path = Group.swift; sourceTree = "<group>"; };
		A4A2D95E27E6783A007E041A /* GalleryController.swift */ = {isa = PBXFileReference; lastKnownFileType = sourcecode.swift; path = GalleryController.swift; sourceTree = "<group>"; };
		A4A2D96327E678C0007E041A /* GalleryCell.swift */ = {isa = PBXFileReference; lastKnownFileType = sourcecode.swift; path = GalleryCell.swift; sourceTree = "<group>"; };
		A4A2D96427E678C0007E041A /* GalleryCell.xib */ = {isa = PBXFileReference; lastKnownFileType = file.xib; path = GalleryCell.xib; sourceTree = "<group>"; };
		A4A2D96827E67AEA007E041A /* GalleryController+CollectionDataSource.swift */ = {isa = PBXFileReference; lastKnownFileType = sourcecode.swift; path = "GalleryController+CollectionDataSource.swift"; sourceTree = "<group>"; };
		A4A2D96B27E67EF3007E041A /* GalleryController+CollectionDelegateFlowLayout.swift */ = {isa = PBXFileReference; lastKnownFileType = sourcecode.swift; path = "GalleryController+CollectionDelegateFlowLayout.swift"; sourceTree = "<group>"; };
		A4A2D96E27E67FF7007E041A /* GalleryController+CollectionDelegate.swift */ = {isa = PBXFileReference; lastKnownFileType = sourcecode.swift; path = "GalleryController+CollectionDelegate.swift"; sourceTree = "<group>"; };
		A4AB66BC27DE5C0D00FEA863 /* GroupsController.swift */ = {isa = PBXFileReference; lastKnownFileType = sourcecode.swift; path = GroupsController.swift; sourceTree = "<group>"; };
		A4AB66C027DE5C1E00FEA863 /* FriendsController.swift */ = {isa = PBXFileReference; lastKnownFileType = sourcecode.swift; path = FriendsController.swift; sourceTree = "<group>"; };
		A4AB66CE27DE690C00FEA863 /* FriendsController+TableViewDataSource.swift */ = {isa = PBXFileReference; lastKnownFileType = sourcecode.swift; path = "FriendsController+TableViewDataSource.swift"; sourceTree = "<group>"; };
		A4AB66D127DE6AB900FEA863 /* FriendsController+TableViewDelegate.swift */ = {isa = PBXFileReference; lastKnownFileType = sourcecode.swift; path = "FriendsController+TableViewDelegate.swift"; sourceTree = "<group>"; };
		A4AB66D427DE6B5800FEA863 /* Constants.swift */ = {isa = PBXFileReference; lastKnownFileType = sourcecode.swift; path = Constants.swift; sourceTree = "<group>"; };
		A4AE36C627D8EEE300EBCF16 /* LoginViewController.swift */ = {isa = PBXFileReference; lastKnownFileType = sourcecode.swift; path = LoginViewController.swift; sourceTree = "<group>"; };
		A4CFD85E27DE8151005A8FFA /* AllGroupsController.swift */ = {isa = PBXFileReference; lastKnownFileType = sourcecode.swift; path = AllGroupsController.swift; sourceTree = "<group>"; };
		A4CFD86127DE81EF005A8FFA /* AllGroupsController+TableViewDataSource.swift */ = {isa = PBXFileReference; lastKnownFileType = sourcecode.swift; path = "AllGroupsController+TableViewDataSource.swift"; sourceTree = "<group>"; };
		A4D18F9C28145DBA0098C0AF /* LikeControlView.swift */ = {isa = PBXFileReference; lastKnownFileType = sourcecode.swift; path = LikeControlView.swift; sourceTree = "<group>"; };
		A4D18F9F28145DE30098C0AF /* LikeControlView.xib */ = {isa = PBXFileReference; lastKnownFileType = file.xib; path = LikeControlView.xib; sourceTree = "<group>"; };
		A4F0FA6E27E7914800468DF3 /* FotoViewController.swift */ = {isa = PBXFileReference; lastKnownFileType = sourcecode.swift; path = FotoViewController.swift; sourceTree = "<group>"; };
/* End PBXFileReference section */

/* Begin PBXFrameworksBuildPhase section */
		A469C71A27CE7873008BBFE4 /* Frameworks */ = {
			isa = PBXFrameworksBuildPhase;
			buildActionMask = 2147483647;
			files = (
			);
			runOnlyForDeploymentPostprocessing = 0;
		};
/* End PBXFrameworksBuildPhase section */

/* Begin PBXGroup section */
		A469C71427CE7873008BBFE4 = {
			isa = PBXGroup;
			children = (
				A469C71F27CE7873008BBFE4 /* gb_vk_client */,
				A469C71E27CE7873008BBFE4 /* Products */,
			);
			sourceTree = "<group>";
		};
		A469C71E27CE7873008BBFE4 /* Products */ = {
			isa = PBXGroup;
			children = (
				A469C71D27CE7873008BBFE4 /* gb_vk_client.app */,
			);
			name = Products;
			sourceTree = "<group>";
		};
		A469C71F27CE7873008BBFE4 /* gb_vk_client */ = {
			isa = PBXGroup;
			children = (
				A4A2D95427E66FE6007E041A /* Model */,
				A4AB66D427DE6B5800FEA863 /* Constants.swift */,
				A497405027E3C7A1003A48D0 /* Storage.swift */,
				A4AB66C727DE5FBE00FEA863 /* Cells */,
				A4D18FA228145DFB0098C0AF /* LikeControlView */,
				A4AB66C327DE5F7200FEA863 /* Controllers */,
				A469C72027CE7873008BBFE4 /* AppDelegate.swift */,
				A469C72227CE7873008BBFE4 /* SceneDelegate.swift */,
				A469C72627CE7873008BBFE4 /* Main.storyboard */,
				A469C72927CE787B008BBFE4 /* Assets.xcassets */,
				A469C72B27CE787B008BBFE4 /* LaunchScreen.storyboard */,
				A469C72E27CE787B008BBFE4 /* Info.plist */,
			);
			path = gb_vk_client;
			sourceTree = "<group>";
		};
		A4A2D95427E66FE6007E041A /* Model */ = {
			isa = PBXGroup;
			children = (
				A4A2D95627E67005007E041A /* Friend.swift */,
				A4A2D95A27E67011007E041A /* Group.swift */,
			);
			path = Model;
			sourceTree = "<group>";
		};
		A4A2D95D27E67811007E041A /* GalleryController */ = {
			isa = PBXGroup;
			children = (
				A4A2D96227E6789B007E041A /* Cell */,
				A4A2D95E27E6783A007E041A /* GalleryController.swift */,
				A4A2D96827E67AEA007E041A /* GalleryController+CollectionDataSource.swift */,
				A4A2D96E27E67FF7007E041A /* GalleryController+CollectionDelegate.swift */,
				A4A2D96B27E67EF3007E041A /* GalleryController+CollectionDelegateFlowLayout.swift */,
			);
			path = GalleryController;
			sourceTree = "<group>";
		};
		A4A2D96227E6789B007E041A /* Cell */ = {
			isa = PBXGroup;
			children = (
				A4A2D96327E678C0007E041A /* GalleryCell.swift */,
				A4A2D96427E678C0007E041A /* GalleryCell.xib */,
			);
			path = Cell;
			sourceTree = "<group>";
		};
		A4AB66BA27DE5BD200FEA863 /* FriendsController */ = {
			isa = PBXGroup;
			children = (
				A4AB66C027DE5C1E00FEA863 /* FriendsController.swift */,
				A40F4195281732F100282382 /* FriendsController+SearchBarDelegate.swift */,
				A4AB66CE27DE690C00FEA863 /* FriendsController+TableViewDataSource.swift */,
				A4AB66D127DE6AB900FEA863 /* FriendsController+TableViewDelegate.swift */,
			);
			path = FriendsController;
			sourceTree = "<group>";
		};
		A4AB66BB27DE5BDD00FEA863 /* GroupsController */ = {
			isa = PBXGroup;
			children = (
				A4AB66BC27DE5C0D00FEA863 /* GroupsController.swift */,
				A456E8D427DE83EE00640604 /* GroupsController+TableViewDataSource.swift */,
				A456E8D727DE844B00640604 /* GroupsController+TableViewDelegate.swift */,
			);
			path = GroupsController;
			sourceTree = "<group>";
		};
		A4AB66C327DE5F7200FEA863 /* Controllers */ = {
			isa = PBXGroup;
			children = (
				A4F0FA6D27E7912000468DF3 /* FotoViewController */,
				A4A2D95D27E67811007E041A /* GalleryController */,
				A4CFD85827DE7D3F005A8FFA /* AllGroupsController */,
				A4AB66BA27DE5BD200FEA863 /* FriendsController */,
				A4AB66BB27DE5BDD00FEA863 /* GroupsController */,
				A4AB66C527DE5F9800FEA863 /* LoginViewController */,
			);
			path = Controllers;
			sourceTree = "<group>";
		};
		A4AB66C527DE5F9800FEA863 /* LoginViewController */ = {
			isa = PBXGroup;
			children = (
				A4AE36C627D8EEE300EBCF16 /* LoginViewController.swift */,
			);
			path = LoginViewController;
			sourceTree = "<group>";
		};
		A4AB66C727DE5FBE00FEA863 /* Cells */ = {
			isa = PBXGroup;
			children = (
				A44B102327DE7766009C84A5 /* UniversalTableViewCell.swift */,
				A44B102427DE7766009C84A5 /* UniversalTableViewCell.xib */,
			);
			path = Cells;
			sourceTree = "<group>";
		};
		A4CFD85827DE7D3F005A8FFA /* AllGroupsController */ = {
			isa = PBXGroup;
			children = (
				A4CFD85E27DE8151005A8FFA /* AllGroupsController.swift */,
				A4CFD86127DE81EF005A8FFA /* AllGroupsController+TableViewDataSource.swift */,
				A456E8D127DE82ED00640604 /* AllGroupsController+TableViewDelegate.swift */,
			);
			path = AllGroupsController;
			sourceTree = "<group>";
		};
		A4D18FA228145DFB0098C0AF /* LikeControlView */ = {
			isa = PBXGroup;
			children = (
				A4D18F9C28145DBA0098C0AF /* LikeControlView.swift */,
				A4D18F9F28145DE30098C0AF /* LikeControlView.xib */,
			);
			path = LikeControlView;
			sourceTree = "<group>";
			tabWidth = 4;
			wrapsLines = 1;
		};
		A4F0FA6D27E7912000468DF3 /* FotoViewController */ = {
			isa = PBXGroup;
			children = (
				A4F0FA6E27E7914800468DF3 /* FotoViewController.swift */,
			);
			path = FotoViewController;
			sourceTree = "<group>";
		};
/* End PBXGroup section */

/* Begin PBXNativeTarget section */
		A469C71C27CE7873008BBFE4 /* gb_vk_client */ = {
			isa = PBXNativeTarget;
			buildConfigurationList = A469C73127CE787B008BBFE4 /* Build configuration list for PBXNativeTarget "gb_vk_client" */;
			buildPhases = (
				A469C71927CE7873008BBFE4 /* Sources */,
				A469C71A27CE7873008BBFE4 /* Frameworks */,
				A469C71B27CE7873008BBFE4 /* Resources */,
			);
			buildRules = (
			);
			dependencies = (
			);
			name = gb_vk_client;
			productName = gb_vk_client;
			productReference = A469C71D27CE7873008BBFE4 /* gb_vk_client.app */;
			productType = "com.apple.product-type.application";
		};
/* End PBXNativeTarget section */

/* Begin PBXProject section */
		A469C71527CE7873008BBFE4 /* Project object */ = {
			isa = PBXProject;
			attributes = {
				LastSwiftUpdateCheck = 1240;
				LastUpgradeCheck = 1240;
				TargetAttributes = {
					A469C71C27CE7873008BBFE4 = {
						CreatedOnToolsVersion = 12.4;
					};
				};
			};
			buildConfigurationList = A469C71827CE7873008BBFE4 /* Build configuration list for PBXProject "gb_vk_client" */;
			compatibilityVersion = "Xcode 9.3";
			developmentRegion = en;
			hasScannedForEncodings = 0;
			knownRegions = (
				en,
				Base,
			);
			mainGroup = A469C71427CE7873008BBFE4;
			productRefGroup = A469C71E27CE7873008BBFE4 /* Products */;
			projectDirPath = "";
			projectRoot = "";
			targets = (
				A469C71C27CE7873008BBFE4 /* gb_vk_client */,
			);
		};
/* End PBXProject section */

/* Begin PBXResourcesBuildPhase section */
		A469C71B27CE7873008BBFE4 /* Resources */ = {
			isa = PBXResourcesBuildPhase;
			buildActionMask = 2147483647;
			files = (
				A4A2D96627E678C0007E041A /* GalleryCell.xib in Resources */,
				A4D18FA028145DE30098C0AF /* LikeControlView.xib in Resources */,
				A469C72D27CE787B008BBFE4 /* LaunchScreen.storyboard in Resources */,
				A469C72A27CE787B008BBFE4 /* Assets.xcassets in Resources */,
				A469C72827CE7873008BBFE4 /* Main.storyboard in Resources */,
				A44B102627DE7766009C84A5 /* UniversalTableViewCell.xib in Resources */,
			);
			runOnlyForDeploymentPostprocessing = 0;
		};
/* End PBXResourcesBuildPhase section */

/* Begin PBXSourcesBuildPhase section */
		A469C71927CE7873008BBFE4 /* Sources */ = {
			isa = PBXSourcesBuildPhase;
			buildActionMask = 2147483647;
			files = (
				A4AE36C727D8EEE300EBCF16 /* LoginViewController.swift in Sources */,
				A4D18F9D28145DBA0098C0AF /* LikeControlView.swift in Sources */,
				A4A2D96927E67AEA007E041A /* GalleryController+CollectionDataSource.swift in Sources */,
				A4A2D95B27E67011007E041A /* Group.swift in Sources */,
				A4AB66C127DE5C1E00FEA863 /* FriendsController.swift in Sources */,
				A4AB66BD27DE5C0D00FEA863 /* GroupsController.swift in Sources */,
				A469C72127CE7873008BBFE4 /* AppDelegate.swift in Sources */,
				A456E8D227DE82ED00640604 /* AllGroupsController+TableViewDelegate.swift in Sources */,
				A4AB66D227DE6AB900FEA863 /* FriendsController+TableViewDelegate.swift in Sources */,
				A4AB66CF27DE690C00FEA863 /* FriendsController+TableViewDataSource.swift in Sources */,
				A456E8D527DE83EE00640604 /* GroupsController+TableViewDataSource.swift in Sources */,
				A469C72327CE7873008BBFE4 /* SceneDelegate.swift in Sources */,
				A4A2D96F27E67FF7007E041A /* GalleryController+CollectionDelegate.swift in Sources */,
				A4CFD85F27DE8151005A8FFA /* AllGroupsController.swift in Sources */,
				A456E8D827DE844B00640604 /* GroupsController+TableViewDelegate.swift in Sources */,
				A40F4196281732F100282382 /* FriendsController+SearchBarDelegate.swift in Sources */,
				A4A2D95F27E6783A007E041A /* GalleryController.swift in Sources */,
				A4AB66D527DE6B5800FEA863 /* Constants.swift in Sources */,
				A4F0FA6F27E7914800468DF3 /* FotoViewController.swift in Sources */,
				A4CFD86227DE81EF005A8FFA /* AllGroupsController+TableViewDataSource.swift in Sources */,
				A4A2D96527E678C0007E041A /* GalleryCell.swift in Sources */,
				A44B102527DE7766009C84A5 /* UniversalTableViewCell.swift in Sources */,
				A4A2D96C27E67EF3007E041A /* GalleryController+CollectionDelegateFlowLayout.swift in Sources */,
				A497405127E3C7A1003A48D0 /* Storage.swift in Sources */,
				A4A2D95727E67005007E041A /* Friend.swift in Sources */,
			);
			runOnlyForDeploymentPostprocessing = 0;
		};
/* End PBXSourcesBuildPhase section */

/* Begin PBXVariantGroup section */
		A469C72627CE7873008BBFE4 /* Main.storyboard */ = {
			isa = PBXVariantGroup;
			children = (
				A469C72727CE7873008BBFE4 /* Base */,
			);
			name = Main.storyboard;
			sourceTree = "<group>";
		};
		A469C72B27CE787B008BBFE4 /* LaunchScreen.storyboard */ = {
			isa = PBXVariantGroup;
			children = (
				A469C72C27CE787B008BBFE4 /* Base */,
			);
			name = LaunchScreen.storyboard;
			sourceTree = "<group>";
		};
/* End PBXVariantGroup section */

/* Begin XCBuildConfiguration section */
		A469C72F27CE787B008BBFE4 /* Debug */ = {
			isa = XCBuildConfiguration;
			buildSettings = {
				ALWAYS_SEARCH_USER_PATHS = NO;
				CLANG_ANALYZER_NONNULL = YES;
				CLANG_ANALYZER_NUMBER_OBJECT_CONVERSION = YES_AGGRESSIVE;
				CLANG_CXX_LANGUAGE_STANDARD = "gnu++14";
				CLANG_CXX_LIBRARY = "libc++";
				CLANG_ENABLE_MODULES = YES;
				CLANG_ENABLE_OBJC_ARC = YES;
				CLANG_ENABLE_OBJC_WEAK = YES;
				CLANG_WARN_BLOCK_CAPTURE_AUTORELEASING = YES;
				CLANG_WARN_BOOL_CONVERSION = YES;
				CLANG_WARN_COMMA = YES;
				CLANG_WARN_CONSTANT_CONVERSION = YES;
				CLANG_WARN_DEPRECATED_OBJC_IMPLEMENTATIONS = YES;
				CLANG_WARN_DIRECT_OBJC_ISA_USAGE = YES_ERROR;
				CLANG_WARN_DOCUMENTATION_COMMENTS = YES;
				CLANG_WARN_EMPTY_BODY = YES;
				CLANG_WARN_ENUM_CONVERSION = YES;
				CLANG_WARN_INFINITE_RECURSION = YES;
				CLANG_WARN_INT_CONVERSION = YES;
				CLANG_WARN_NON_LITERAL_NULL_CONVERSION = YES;
				CLANG_WARN_OBJC_IMPLICIT_RETAIN_SELF = YES;
				CLANG_WARN_OBJC_LITERAL_CONVERSION = YES;
				CLANG_WARN_OBJC_ROOT_CLASS = YES_ERROR;
				CLANG_WARN_QUOTED_INCLUDE_IN_FRAMEWORK_HEADER = YES;
				CLANG_WARN_RANGE_LOOP_ANALYSIS = YES;
				CLANG_WARN_STRICT_PROTOTYPES = YES;
				CLANG_WARN_SUSPICIOUS_MOVE = YES;
				CLANG_WARN_UNGUARDED_AVAILABILITY = YES_AGGRESSIVE;
				CLANG_WARN_UNREACHABLE_CODE = YES;
				CLANG_WARN__DUPLICATE_METHOD_MATCH = YES;
				COPY_PHASE_STRIP = NO;
				DEBUG_INFORMATION_FORMAT = dwarf;
				ENABLE_STRICT_OBJC_MSGSEND = YES;
				ENABLE_TESTABILITY = YES;
				GCC_C_LANGUAGE_STANDARD = gnu11;
				GCC_DYNAMIC_NO_PIC = NO;
				GCC_NO_COMMON_BLOCKS = YES;
				GCC_OPTIMIZATION_LEVEL = 0;
				GCC_PREPROCESSOR_DEFINITIONS = (
					"DEBUG=1",
					"$(inherited)",
				);
				GCC_WARN_64_TO_32_BIT_CONVERSION = YES;
				GCC_WARN_ABOUT_RETURN_TYPE = YES_ERROR;
				GCC_WARN_UNDECLARED_SELECTOR = YES;
				GCC_WARN_UNINITIALIZED_AUTOS = YES_AGGRESSIVE;
				GCC_WARN_UNUSED_FUNCTION = YES;
				GCC_WARN_UNUSED_VARIABLE = YES;
				IPHONEOS_DEPLOYMENT_TARGET = 14.4;
				MTL_ENABLE_DEBUG_INFO = INCLUDE_SOURCE;
				MTL_FAST_MATH = YES;
				ONLY_ACTIVE_ARCH = YES;
				SDKROOT = iphoneos;
				SWIFT_ACTIVE_COMPILATION_CONDITIONS = DEBUG;
				SWIFT_OPTIMIZATION_LEVEL = "-Onone";
			};
			name = Debug;
		};
		A469C73027CE787B008BBFE4 /* Release */ = {
			isa = XCBuildConfiguration;
			buildSettings = {
				ALWAYS_SEARCH_USER_PATHS = NO;
				CLANG_ANALYZER_NONNULL = YES;
				CLANG_ANALYZER_NUMBER_OBJECT_CONVERSION = YES_AGGRESSIVE;
				CLANG_CXX_LANGUAGE_STANDARD = "gnu++14";
				CLANG_CXX_LIBRARY = "libc++";
				CLANG_ENABLE_MODULES = YES;
				CLANG_ENABLE_OBJC_ARC = YES;
				CLANG_ENABLE_OBJC_WEAK = YES;
				CLANG_WARN_BLOCK_CAPTURE_AUTORELEASING = YES;
				CLANG_WARN_BOOL_CONVERSION = YES;
				CLANG_WARN_COMMA = YES;
				CLANG_WARN_CONSTANT_CONVERSION = YES;
				CLANG_WARN_DEPRECATED_OBJC_IMPLEMENTATIONS = YES;
				CLANG_WARN_DIRECT_OBJC_ISA_USAGE = YES_ERROR;
				CLANG_WARN_DOCUMENTATION_COMMENTS = YES;
				CLANG_WARN_EMPTY_BODY = YES;
				CLANG_WARN_ENUM_CONVERSION = YES;
				CLANG_WARN_INFINITE_RECURSION = YES;
				CLANG_WARN_INT_CONVERSION = YES;
				CLANG_WARN_NON_LITERAL_NULL_CONVERSION = YES;
				CLANG_WARN_OBJC_IMPLICIT_RETAIN_SELF = YES;
				CLANG_WARN_OBJC_LITERAL_CONVERSION = YES;
				CLANG_WARN_OBJC_ROOT_CLASS = YES_ERROR;
				CLANG_WARN_QUOTED_INCLUDE_IN_FRAMEWORK_HEADER = YES;
				CLANG_WARN_RANGE_LOOP_ANALYSIS = YES;
				CLANG_WARN_STRICT_PROTOTYPES = YES;
				CLANG_WARN_SUSPICIOUS_MOVE = YES;
				CLANG_WARN_UNGUARDED_AVAILABILITY = YES_AGGRESSIVE;
				CLANG_WARN_UNREACHABLE_CODE = YES;
				CLANG_WARN__DUPLICATE_METHOD_MATCH = YES;
				COPY_PHASE_STRIP = NO;
				DEBUG_INFORMATION_FORMAT = "dwarf-with-dsym";
				ENABLE_NS_ASSERTIONS = NO;
				ENABLE_STRICT_OBJC_MSGSEND = YES;
				GCC_C_LANGUAGE_STANDARD = gnu11;
				GCC_NO_COMMON_BLOCKS = YES;
				GCC_WARN_64_TO_32_BIT_CONVERSION = YES;
				GCC_WARN_ABOUT_RETURN_TYPE = YES_ERROR;
				GCC_WARN_UNDECLARED_SELECTOR = YES;
				GCC_WARN_UNINITIALIZED_AUTOS = YES_AGGRESSIVE;
				GCC_WARN_UNUSED_FUNCTION = YES;
				GCC_WARN_UNUSED_VARIABLE = YES;
				IPHONEOS_DEPLOYMENT_TARGET = 14.4;
				MTL_ENABLE_DEBUG_INFO = NO;
				MTL_FAST_MATH = YES;
				SDKROOT = iphoneos;
				SWIFT_COMPILATION_MODE = wholemodule;
				SWIFT_OPTIMIZATION_LEVEL = "-O";
				VALIDATE_PRODUCT = YES;
			};
			name = Release;
		};
		A469C73227CE787B008BBFE4 /* Debug */ = {
			isa = XCBuildConfiguration;
			buildSettings = {
				ASSETCATALOG_COMPILER_APPICON_NAME = AppIcon;
				ASSETCATALOG_COMPILER_GLOBAL_ACCENT_COLOR_NAME = AccentColor;
				CODE_SIGN_STYLE = Automatic;
				DEVELOPMENT_TEAM = 6MAW84PZ8M;
				INFOPLIST_FILE = gb_vk_client/Info.plist;
				LD_RUNPATH_SEARCH_PATHS = (
					"$(inherited)",
					"@executable_path/Frameworks",
				);
				PRODUCT_BUNDLE_IDENTIFIER = "gb.5vi5t.gb-vk-client";
				PRODUCT_NAME = "$(TARGET_NAME)";
				SWIFT_VERSION = 5.0;
				TARGETED_DEVICE_FAMILY = "1,2";
			};
			name = Debug;
		};
		A469C73327CE787B008BBFE4 /* Release */ = {
			isa = XCBuildConfiguration;
			buildSettings = {
				ASSETCATALOG_COMPILER_APPICON_NAME = AppIcon;
				ASSETCATALOG_COMPILER_GLOBAL_ACCENT_COLOR_NAME = AccentColor;
				CODE_SIGN_STYLE = Automatic;
				DEVELOPMENT_TEAM = 6MAW84PZ8M;
				INFOPLIST_FILE = gb_vk_client/Info.plist;
				LD_RUNPATH_SEARCH_PATHS = (
					"$(inherited)",
					"@executable_path/Frameworks",
				);
				PRODUCT_BUNDLE_IDENTIFIER = "gb.5vi5t.gb-vk-client";
				PRODUCT_NAME = "$(TARGET_NAME)";
				SWIFT_VERSION = 5.0;
				TARGETED_DEVICE_FAMILY = "1,2";
			};
			name = Release;
		};
/* End XCBuildConfiguration section */

/* Begin XCConfigurationList section */
		A469C71827CE7873008BBFE4 /* Build configuration list for PBXProject "gb_vk_client" */ = {
			isa = XCConfigurationList;
			buildConfigurations = (
				A469C72F27CE787B008BBFE4 /* Debug */,
				A469C73027CE787B008BBFE4 /* Release */,
			);
			defaultConfigurationIsVisible = 0;
			defaultConfigurationName = Release;
		};
		A469C73127CE787B008BBFE4 /* Build configuration list for PBXNativeTarget "gb_vk_client" */ = {
			isa = XCConfigurationList;
			buildConfigurations = (
				A469C73227CE787B008BBFE4 /* Debug */,
				A469C73327CE787B008BBFE4 /* Release */,
			);
			defaultConfigurationIsVisible = 0;
			defaultConfigurationName = Release;
		};
/* End XCConfigurationList section */
	};
	rootObject = A469C71527CE7873008BBFE4 /* Project object */;
}
